
Microsoft Visual Studio Solution File, Format Version 12.00
# Visual Studio 15
VisualStudioVersion = 15.0.28010.2036
MinimumVisualStudioVersion = 10.0.40219.1
Project("{FAE04EC0-301F-11D3-BF4B-00C04F79EFBC}") = "TicTacToeVer2", "TicTacToeVer2\TicTacToeVer2.csproj", "{0FB372C9-BF6A-48CF-8BD7-F2EC628455F1}"
EndProject
Global
	GlobalSection(SolutionConfigurationPlatforms) = preSolution
		Debug|Any CPU = Debug|Any CPU
		Release|Any CPU = Release|Any CPU
	EndGlobalSection
	GlobalSection(ProjectConfigurationPlatforms) = postSolution
		{0FB372C9-BF6A-48CF-8BD7-F2EC628455F1}.Debug|Any CPU.ActiveCfg = Debug|Any CPU
		{0FB372C9-BF6A-48CF-8BD7-F2EC628455F1}.Debug|Any CPU.Build.0 = Debug|Any CPU
		{0FB372C9-BF6A-48CF-8BD7-F2EC628455F1}.Release|Any CPU.ActiveCfg = Release|Any CPU
		{0FB372C9-BF6A-48CF-8BD7-F2EC628455F1}.Release|Any CPU.Build.0 = Release|Any CPU
	EndGlobalSection
	GlobalSection(SolutionProperties) = preSolution
		HideSolutionNode = FALSE
	EndGlobalSection
	GlobalSection(ExtensibilityGlobals) = postSolution
		SolutionGuid = {7BADCB95-DE49-408E-BCC8-6BD942898A8D}
	EndGlobalSection
EndGlobal
